// !$*UTF8*$!
{
	archiveVersion = 1;
	classes = {
	};
	objectVersion = 46;
	objects = {

/* Begin PBXBuildFile section */
		CF42CA941D2DE25300648D0A /* main.m in Sources */ = {isa = PBXBuildFile; fileRef = CF42CA931D2DE25300648D0A /* main.m */; };
		CF42CA971D2DE25300648D0A /* AppDelegate.m in Sources */ = {isa = PBXBuildFile; fileRef = CF42CA961D2DE25300648D0A /* AppDelegate.m */; };
		CF42CA9A1D2DE25300648D0A /* ViewController.m in Sources */ = {isa = PBXBuildFile; fileRef = CF42CA991D2DE25300648D0A /* ViewController.m */; };
		CF42CA9D1D2DE25300648D0A /* Main.storyboard in Resources */ = {isa = PBXBuildFile; fileRef = CF42CA9B1D2DE25300648D0A /* Main.storyboard */; };
		CF42CA9F1D2DE25300648D0A /* Assets.xcassets in Resources */ = {isa = PBXBuildFile; fileRef = CF42CA9E1D2DE25300648D0A /* Assets.xcassets */; };
		CF42CAA21D2DE25300648D0A /* LaunchScreen.storyboard in Resources */ = {isa = PBXBuildFile; fileRef = CF42CAA01D2DE25300648D0A /* LaunchScreen.storyboard */; };
		CF42CAAD1D2DE25300648D0A /* _707Tests.m in Sources */ = {isa = PBXBuildFile; fileRef = CF42CAAC1D2DE25300648D0A /* _707Tests.m */; };
		CF42CAB81D2DE25300648D0A /* _707UITests.m in Sources */ = {isa = PBXBuildFile; fileRef = CF42CAB71D2DE25300648D0A /* _707UITests.m */; };
		CF42CAD31D2F49AE00648D0A /* SecVc.m in Sources */ = {isa = PBXBuildFile; fileRef = CF42CAD21D2F49AE00648D0A /* SecVc.m */; };
		CF42CAD61D2F4A4200648D0A /* iflyMSC.framework in Frameworks */ = {isa = PBXBuildFile; fileRef = CF42CAD51D2F4A4200648D0A /* iflyMSC.framework */; };
		CF42CAD81D2F4A8E00648D0A /* libz.tbd in Frameworks */ = {isa = PBXBuildFile; fileRef = CF42CAD71D2F4A8E00648D0A /* libz.tbd */; };
		CF42CADA1D2F4A9800648D0A /* CoreLocation.framework in Frameworks */ = {isa = PBXBuildFile; fileRef = CF42CAD91D2F4A9800648D0A /* CoreLocation.framework */; };
		CF42CADC1D2F4AA200648D0A /* CoreTelephony.framework in Frameworks */ = {isa = PBXBuildFile; fileRef = CF42CADB1D2F4AA200648D0A /* CoreTelephony.framework */; };
		CF42CADE1D2F4AAB00648D0A /* AVFoundation.framework in Frameworks */ = {isa = PBXBuildFile; fileRef = CF42CADD1D2F4AAB00648D0A /* AVFoundation.framework */; };
		CF42CAE01D2F4AB200648D0A /* AddressBook.framework in Frameworks */ = {isa = PBXBuildFile; fileRef = CF42CADF1D2F4AB200648D0A /* AddressBook.framework */; };
		CF42CAE21D2F4AC800648D0A /* AudioToolbox.framework in Frameworks */ = {isa = PBXBuildFile; fileRef = CF42CAE11D2F4AC800648D0A /* AudioToolbox.framework */; };
		CF42CAE41D2F4AD400648D0A /* SystemConfiguration.framework in Frameworks */ = {isa = PBXBuildFile; fileRef = CF42CAE31D2F4AD400648D0A /* SystemConfiguration.framework */; };
		CF42CAE61D2F4ADC00648D0A /* QuartzCore.framework in Frameworks */ = {isa = PBXBuildFile; fileRef = CF42CAE51D2F4ADC00648D0A /* QuartzCore.framework */; };
		CF42CAE81D2F4AE600648D0A /* UIKit.framework in Frameworks */ = {isa = PBXBuildFile; fileRef = CF42CAE71D2F4AE600648D0A /* UIKit.framework */; };
		CF42CAEA1D2F4AF000648D0A /* Foundation.framework in Frameworks */ = {isa = PBXBuildFile; fileRef = CF42CAE91D2F4AF000648D0A /* Foundation.framework */; };
		CF42CAEC1D2F4AFC00648D0A /* CoreGraphics.framework in Frameworks */ = {isa = PBXBuildFile; fileRef = CF42CAEB1D2F4AFC00648D0A /* CoreGraphics.framework */; };
		CF42CAEF1D2F4C8300648D0A /* TTSConfig.m in Sources */ = {isa = PBXBuildFile; fileRef = CF42CAEE1D2F4C8300648D0A /* TTSConfig.m */; };
		CF42CB0F1D2F4EB600648D0A /* PcmPlayer.m in Sources */ = {isa = PBXBuildFile; fileRef = CF42CAFA1D2F4EB600648D0A /* PcmPlayer.m */; };
		CF42CB101D2F4EB600648D0A /* PopupView.m in Sources */ = {isa = PBXBuildFile; fileRef = CF42CAFD1D2F4EB600648D0A /* PopupView.m */; };
		CF42CB111D2F4EB600648D0A /* SBJson4Parser.m in Sources */ = {isa = PBXBuildFile; fileRef = CF42CB011D2F4EB600648D0A /* SBJson4Parser.m */; };
		CF42CB121D2F4EB600648D0A /* SBJson4StreamParser.m in Sources */ = {isa = PBXBuildFile; fileRef = CF42CB031D2F4EB600648D0A /* SBJson4StreamParser.m */; };
		CF42CB131D2F4EB600648D0A /* SBJson4StreamParserState.m in Sources */ = {isa = PBXBuildFile; fileRef = CF42CB051D2F4EB600648D0A /* SBJson4StreamParserState.m */; };
		CF42CB141D2F4EB600648D0A /* SBJson4StreamTokeniser.m in Sources */ = {isa = PBXBuildFile; fileRef = CF42CB071D2F4EB600648D0A /* SBJson4StreamTokeniser.m */; };
		CF42CB151D2F4EB600648D0A /* SBJson4StreamWriter.m in Sources */ = {isa = PBXBuildFile; fileRef = CF42CB091D2F4EB600648D0A /* SBJson4StreamWriter.m */; };
		CF42CB161D2F4EB600648D0A /* SBJson4StreamWriterState.m in Sources */ = {isa = PBXBuildFile; fileRef = CF42CB0B1D2F4EB600648D0A /* SBJson4StreamWriterState.m */; };
		CF42CB171D2F4EB600648D0A /* SBJson4Writer.m in Sources */ = {isa = PBXBuildFile; fileRef = CF42CB0D1D2F4EB600648D0A /* SBJson4Writer.m */; };
		CF42CB1A1D2F519B00648D0A /* AlertView.m in Sources */ = {isa = PBXBuildFile; fileRef = CF42CB191D2F519B00648D0A /* AlertView.m */; };
/* End PBXBuildFile section */

/* Begin PBXContainerItemProxy section */
		CF42CAA91D2DE25300648D0A /* PBXContainerItemProxy */ = {
			isa = PBXContainerItemProxy;
			containerPortal = CF42CA871D2DE25300648D0A /* Project object */;
			proxyType = 1;
			remoteGlobalIDString = CF42CA8E1D2DE25300648D0A;
			remoteInfo = 0707;
		};
		CF42CAB41D2DE25300648D0A /* PBXContainerItemProxy */ = {
			isa = PBXContainerItemProxy;
			containerPortal = CF42CA871D2DE25300648D0A /* Project object */;
			proxyType = 1;
			remoteGlobalIDString = CF42CA8E1D2DE25300648D0A;
			remoteInfo = 0707;
		};
/* End PBXContainerItemProxy section */

/* Begin PBXFileReference section */
		CF42CA8F1D2DE25300648D0A /* 0707.app */ = {isa = PBXFileReference; explicitFileType = wrapper.application; includeInIndex = 0; path = 0707.app; sourceTree = BUILT_PRODUCTS_DIR; };
		CF42CA931D2DE25300648D0A /* main.m */ = {isa = PBXFileReference; lastKnownFileType = sourcecode.c.objc; path = main.m; sourceTree = "<group>"; };
		CF42CA951D2DE25300648D0A /* AppDelegate.h */ = {isa = PBXFileReference; lastKnownFileType = sourcecode.c.h; path = AppDelegate.h; sourceTree = "<group>"; };
		CF42CA961D2DE25300648D0A /* AppDelegate.m */ = {isa = PBXFileReference; lastKnownFileType = sourcecode.c.objc; path = AppDelegate.m; sourceTree = "<group>"; };
		CF42CA981D2DE25300648D0A /* ViewController.h */ = {isa = PBXFileReference; lastKnownFileType = sourcecode.c.h; path = ViewController.h; sourceTree = "<group>"; };
		CF42CA991D2DE25300648D0A /* ViewController.m */ = {isa = PBXFileReference; lastKnownFileType = sourcecode.c.objc; path = ViewController.m; sourceTree = "<group>"; };
		CF42CA9C1D2DE25300648D0A /* Base */ = {isa = PBXFileReference; lastKnownFileType = file.storyboard; name = Base; path = Base.lproj/Main.storyboard; sourceTree = "<group>"; };
		CF42CA9E1D2DE25300648D0A /* Assets.xcassets */ = {isa = PBXFileReference; lastKnownFileType = folder.assetcatalog; path = Assets.xcassets; sourceTree = "<group>"; };
		CF42CAA11D2DE25300648D0A /* Base */ = {isa = PBXFileReference; lastKnownFileType = file.storyboard; name = Base; path = Base.lproj/LaunchScreen.storyboard; sourceTree = "<group>"; };
		CF42CAA31D2DE25300648D0A /* Info.plist */ = {isa = PBXFileReference; lastKnownFileType = text.plist.xml; path = Info.plist; sourceTree = "<group>"; };
		CF42CAA81D2DE25300648D0A /* 0707Tests.xctest */ = {isa = PBXFileReference; explicitFileType = wrapper.cfbundle; includeInIndex = 0; path = 0707Tests.xctest; sourceTree = BUILT_PRODUCTS_DIR; };
		CF42CAAC1D2DE25300648D0A /* _707Tests.m */ = {isa = PBXFileReference; lastKnownFileType = sourcecode.c.objc; path = _707Tests.m; sourceTree = "<group>"; };
		CF42CAAE1D2DE25300648D0A /* Info.plist */ = {isa = PBXFileReference; lastKnownFileType = text.plist.xml; path = Info.plist; sourceTree = "<group>"; };
		CF42CAB31D2DE25300648D0A /* 0707UITests.xctest */ = {isa = PBXFileReference; explicitFileType = wrapper.cfbundle; includeInIndex = 0; path = 0707UITests.xctest; sourceTree = BUILT_PRODUCTS_DIR; };
		CF42CAB71D2DE25300648D0A /* _707UITests.m */ = {isa = PBXFileReference; lastKnownFileType = sourcecode.c.objc; path = _707UITests.m; sourceTree = "<group>"; };
		CF42CAB91D2DE25300648D0A /* Info.plist */ = {isa = PBXFileReference; lastKnownFileType = text.plist.xml; path = Info.plist; sourceTree = "<group>"; };
		CF42CAD11D2F49AE00648D0A /* SecVc.h */ = {isa = PBXFileReference; fileEncoding = 4; lastKnownFileType = sourcecode.c.h; path = SecVc.h; sourceTree = "<group>"; };
		CF42CAD21D2F49AE00648D0A /* SecVc.m */ = {isa = PBXFileReference; fileEncoding = 4; lastKnownFileType = sourcecode.c.objc; path = SecVc.m; sourceTree = "<group>"; };
		CF42CAD51D2F4A4200648D0A /* iflyMSC.framework */ = {isa = PBXFileReference; lastKnownFileType = wrapper.framework; path = iflyMSC.framework; sourceTree = "<group>"; };
		CF42CAD71D2F4A8E00648D0A /* libz.tbd */ = {isa = PBXFileReference; lastKnownFileType = "sourcecode.text-based-dylib-definition"; name = libz.tbd; path = usr/lib/libz.tbd; sourceTree = SDKROOT; };
		CF42CAD91D2F4A9800648D0A /* CoreLocation.framework */ = {isa = PBXFileReference; lastKnownFileType = wrapper.framework; name = CoreLocation.framework; path = System/Library/Frameworks/CoreLocation.framework; sourceTree = SDKROOT; };
		CF42CADB1D2F4AA200648D0A /* CoreTelephony.framework */ = {isa = PBXFileReference; lastKnownFileType = wrapper.framework; name = CoreTelephony.framework; path = System/Library/Frameworks/CoreTelephony.framework; sourceTree = SDKROOT; };
		CF42CADD1D2F4AAB00648D0A /* AVFoundation.framework */ = {isa = PBXFileReference; lastKnownFileType = wrapper.framework; name = AVFoundation.framework; path = System/Library/Frameworks/AVFoundation.framework; sourceTree = SDKROOT; };
		CF42CADF1D2F4AB200648D0A /* AddressBook.framework */ = {isa = PBXFileReference; lastKnownFileType = wrapper.framework; name = AddressBook.framework; path = System/Library/Frameworks/AddressBook.framework; sourceTree = SDKROOT; };
		CF42CAE11D2F4AC800648D0A /* AudioToolbox.framework */ = {isa = PBXFileReference; lastKnownFileType = wrapper.framework; name = AudioToolbox.framework; path = System/Library/Frameworks/AudioToolbox.framework; sourceTree = SDKROOT; };
		CF42CAE31D2F4AD400648D0A /* SystemConfiguration.framework */ = {isa = PBXFileReference; lastKnownFileType = wrapper.framework; name = SystemConfiguration.framework; path = System/Library/Frameworks/SystemConfiguration.framework; sourceTree = SDKROOT; };
		CF42CAE51D2F4ADC00648D0A /* QuartzCore.framework */ = {isa = PBXFileReference; lastKnownFileType = wrapper.framework; name = QuartzCore.framework; path = System/Library/Frameworks/QuartzCore.framework; sourceTree = SDKROOT; };
		CF42CAE71D2F4AE600648D0A /* UIKit.framework */ = {isa = PBXFileReference; lastKnownFileType = wrapper.framework; name = UIKit.framework; path = System/Library/Frameworks/UIKit.framework; sourceTree = SDKROOT; };
		CF42CAE91D2F4AF000648D0A /* Foundation.framework */ = {isa = PBXFileReference; lastKnownFileType = wrapper.framework; name = Foundation.framework; path = System/Library/Frameworks/Foundation.framework; sourceTree = SDKROOT; };
		CF42CAEB1D2F4AFC00648D0A /* CoreGraphics.framework */ = {isa = PBXFileReference; lastKnownFileType = wrapper.framework; name = CoreGraphics.framework; path = System/Library/Frameworks/CoreGraphics.framework; sourceTree = SDKROOT; };
		CF42CAED1D2F4C8300648D0A /* TTSConfig.h */ = {isa = PBXFileReference; fileEncoding = 4; lastKnownFileType = sourcecode.c.h; path = TTSConfig.h; sourceTree = "<group>"; };
		CF42CAEE1D2F4C8300648D0A /* TTSConfig.m */ = {isa = PBXFileReference; fileEncoding = 4; lastKnownFileType = sourcecode.c.objc; path = TTSConfig.m; sourceTree = "<group>"; };
		CF42CAF91D2F4EB600648D0A /* PcmPlayer.h */ = {isa = PBXFileReference; fileEncoding = 4; lastKnownFileType = sourcecode.c.h; path = PcmPlayer.h; sourceTree = "<group>"; };
		CF42CAFA1D2F4EB600648D0A /* PcmPlayer.m */ = {isa = PBXFileReference; fileEncoding = 4; lastKnownFileType = sourcecode.c.objc; path = PcmPlayer.m; sourceTree = "<group>"; };
		CF42CAFB1D2F4EB600648D0A /* PcmPlayerDelegate.h */ = {isa = PBXFileReference; fileEncoding = 4; lastKnownFileType = sourcecode.c.h; path = PcmPlayerDelegate.h; sourceTree = "<group>"; };
		CF42CAFC1D2F4EB600648D0A /* PopupView.h */ = {isa = PBXFileReference; fileEncoding = 4; lastKnownFileType = sourcecode.c.h; path = PopupView.h; sourceTree = "<group>"; };
		CF42CAFD1D2F4EB600648D0A /* PopupView.m */ = {isa = PBXFileReference; fileEncoding = 4; lastKnownFileType = sourcecode.c.objc; path = PopupView.m; sourceTree = "<group>"; };
		CF42CAFF1D2F4EB600648D0A /* SBJson4.h */ = {isa = PBXFileReference; fileEncoding = 4; lastKnownFileType = sourcecode.c.h; path = SBJson4.h; sourceTree = "<group>"; };
		CF42CB001D2F4EB600648D0A /* SBJson4Parser.h */ = {isa = PBXFileReference; fileEncoding = 4; lastKnownFileType = sourcecode.c.h; path = SBJson4Parser.h; sourceTree = "<group>"; };
		CF42CB011D2F4EB600648D0A /* SBJson4Parser.m */ = {isa = PBXFileReference; fileEncoding = 4; lastKnownFileType = sourcecode.c.objc; path = SBJson4Parser.m; sourceTree = "<group>"; };
		CF42CB021D2F4EB600648D0A /* SBJson4StreamParser.h */ = {isa = PBXFileReference; fileEncoding = 4; lastKnownFileType = sourcecode.c.h; path = SBJson4StreamParser.h; sourceTree = "<group>"; };
		CF42CB031D2F4EB600648D0A /* SBJson4StreamParser.m */ = {isa = PBXFileReference; fileEncoding = 4; lastKnownFileType = sourcecode.c.objc; path = SBJson4StreamParser.m; sourceTree = "<group>"; };
		CF42CB041D2F4EB600648D0A /* SBJson4StreamParserState.h */ = {isa = PBXFileReference; fileEncoding = 4; lastKnownFileType = sourcecode.c.h; path = SBJson4StreamParserState.h; sourceTree = "<group>"; };
		CF42CB051D2F4EB600648D0A /* SBJson4StreamParserState.m */ = {isa = PBXFileReference; fileEncoding = 4; lastKnownFileType = sourcecode.c.objc; path = SBJson4StreamParserState.m; sourceTree = "<group>"; };
		CF42CB061D2F4EB600648D0A /* SBJson4StreamTokeniser.h */ = {isa = PBXFileReference; fileEncoding = 4; lastKnownFileType = sourcecode.c.h; path = SBJson4StreamTokeniser.h; sourceTree = "<group>"; };
		CF42CB071D2F4EB600648D0A /* SBJson4StreamTokeniser.m */ = {isa = PBXFileReference; fileEncoding = 4; lastKnownFileType = sourcecode.c.objc; path = SBJson4StreamTokeniser.m; sourceTree = "<group>"; };
		CF42CB081D2F4EB600648D0A /* SBJson4StreamWriter.h */ = {isa = PBXFileReference; fileEncoding = 4; lastKnownFileType = sourcecode.c.h; path = SBJson4StreamWriter.h; sourceTree = "<group>"; };
		CF42CB091D2F4EB600648D0A /* SBJson4StreamWriter.m */ = {isa = PBXFileReference; fileEncoding = 4; lastKnownFileType = sourcecode.c.objc; path = SBJson4StreamWriter.m; sourceTree = "<group>"; };
		CF42CB0A1D2F4EB600648D0A /* SBJson4StreamWriterState.h */ = {isa = PBXFileReference; fileEncoding = 4; lastKnownFileType = sourcecode.c.h; path = SBJson4StreamWriterState.h; sourceTree = "<group>"; };
		CF42CB0B1D2F4EB600648D0A /* SBJson4StreamWriterState.m */ = {isa = PBXFileReference; fileEncoding = 4; lastKnownFileType = sourcecode.c.objc; path = SBJson4StreamWriterState.m; sourceTree = "<group>"; };
		CF42CB0C1D2F4EB600648D0A /* SBJson4Writer.h */ = {isa = PBXFileReference; fileEncoding = 4; lastKnownFileType = sourcecode.c.h; path = SBJson4Writer.h; sourceTree = "<group>"; };
		CF42CB0D1D2F4EB600648D0A /* SBJson4Writer.m */ = {isa = PBXFileReference; fileEncoding = 4; lastKnownFileType = sourcecode.c.objc; path = SBJson4Writer.m; sourceTree = "<group>"; };
		CF42CB181D2F519B00648D0A /* AlertView.h */ = {isa = PBXFileReference; fileEncoding = 4; lastKnownFileType = sourcecode.c.h; path = AlertView.h; sourceTree = "<group>"; };
		CF42CB191D2F519B00648D0A /* AlertView.m */ = {isa = PBXFileReference; fileEncoding = 4; lastKnownFileType = sourcecode.c.objc; path = AlertView.m; sourceTree = "<group>"; };
/* End PBXFileReference section */

/* Begin PBXFrameworksBuildPhase section */
		CF42CA8C1D2DE25300648D0A /* Frameworks */ = {
			isa = PBXFrameworksBuildPhase;
			buildActionMask = 2147483647;
			files = (
				CF42CAEC1D2F4AFC00648D0A /* CoreGraphics.framework in Frameworks */,
				CF42CAEA1D2F4AF000648D0A /* Foundation.framework in Frameworks */,
				CF42CAE81D2F4AE600648D0A /* UIKit.framework in Frameworks */,
				CF42CAE61D2F4ADC00648D0A /* QuartzCore.framework in Frameworks */,
				CF42CAE41D2F4AD400648D0A /* SystemConfiguration.framework in Frameworks */,
				CF42CAE21D2F4AC800648D0A /* AudioToolbox.framework in Frameworks */,
				CF42CAE01D2F4AB200648D0A /* AddressBook.framework in Frameworks */,
				CF42CADE1D2F4AAB00648D0A /* AVFoundation.framework in Frameworks */,
				CF42CADC1D2F4AA200648D0A /* CoreTelephony.framework in Frameworks */,
				CF42CADA1D2F4A9800648D0A /* CoreLocation.framework in Frameworks */,
				CF42CAD81D2F4A8E00648D0A /* libz.tbd in Frameworks */,
				CF42CAD61D2F4A4200648D0A /* iflyMSC.framework in Frameworks */,
			);
			runOnlyForDeploymentPostprocessing = 0;
		};
		CF42CAA51D2DE25300648D0A /* Frameworks */ = {
			isa = PBXFrameworksBuildPhase;
			buildActionMask = 2147483647;
			files = (
			);
			runOnlyForDeploymentPostprocessing = 0;
		};
		CF42CAB01D2DE25300648D0A /* Frameworks */ = {
			isa = PBXFrameworksBuildPhase;
			buildActionMask = 2147483647;
			files = (
			);
			runOnlyForDeploymentPostprocessing = 0;
		};
/* End PBXFrameworksBuildPhase section */

/* Begin PBXGroup section */
		CF42CA861D2DE25300648D0A = {
			isa = PBXGroup;
			children = (
				CF42CAEB1D2F4AFC00648D0A /* CoreGraphics.framework */,
				CF42CAE91D2F4AF000648D0A /* Foundation.framework */,
				CF42CAE71D2F4AE600648D0A /* UIKit.framework */,
				CF42CAE51D2F4ADC00648D0A /* QuartzCore.framework */,
				CF42CAE31D2F4AD400648D0A /* SystemConfiguration.framework */,
				CF42CAE11D2F4AC800648D0A /* AudioToolbox.framework */,
				CF42CADF1D2F4AB200648D0A /* AddressBook.framework */,
				CF42CADD1D2F4AAB00648D0A /* AVFoundation.framework */,
				CF42CADB1D2F4AA200648D0A /* CoreTelephony.framework */,
				CF42CAD91D2F4A9800648D0A /* CoreLocation.framework */,
				CF42CAD71D2F4A8E00648D0A /* libz.tbd */,
				CF42CA911D2DE25300648D0A /* 0707 */,
				CF42CAAB1D2DE25300648D0A /* 0707Tests */,
				CF42CAB61D2DE25300648D0A /* 0707UITests */,
				CF42CA901D2DE25300648D0A /* Products */,
			);
			sourceTree = "<group>";
		};
		CF42CA901D2DE25300648D0A /* Products */ = {
			isa = PBXGroup;
			children = (
				CF42CA8F1D2DE25300648D0A /* 0707.app */,
				CF42CAA81D2DE25300648D0A /* 0707Tests.xctest */,
				CF42CAB31D2DE25300648D0A /* 0707UITests.xctest */,
			);
			name = Products;
			sourceTree = "<group>";
		};
		CF42CA911D2DE25300648D0A /* 0707 */ = {
			isa = PBXGroup;
			children = (
				CF42CAF51D2F4EB600648D0A /* tools */,
				CF42CAD41D2F4A4200648D0A /* lib */,
				CF42CA951D2DE25300648D0A /* AppDelegate.h */,
				CF42CA961D2DE25300648D0A /* AppDelegate.m */,
				CF42CA981D2DE25300648D0A /* ViewController.h */,
				CF42CA991D2DE25300648D0A /* ViewController.m */,
				CF42CAED1D2F4C8300648D0A /* TTSConfig.h */,
				CF42CAEE1D2F4C8300648D0A /* TTSConfig.m */,
				CF42CAD11D2F49AE00648D0A /* SecVc.h */,
				CF42CAD21D2F49AE00648D0A /* SecVc.m */,
				CF42CA9B1D2DE25300648D0A /* Main.storyboard */,
				CF42CA9E1D2DE25300648D0A /* Assets.xcassets */,
				CF42CAA01D2DE25300648D0A /* LaunchScreen.storyboard */,
				CF42CAA31D2DE25300648D0A /* Info.plist */,
				CF42CA921D2DE25300648D0A /* Supporting Files */,
			);
			path = 0707;
			sourceTree = "<group>";
		};
		CF42CA921D2DE25300648D0A /* Supporting Files */ = {
			isa = PBXGroup;
			children = (
				CF42CA931D2DE25300648D0A /* main.m */,
			);
			name = "Supporting Files";
			sourceTree = "<group>";
		};
		CF42CAAB1D2DE25300648D0A /* 0707Tests */ = {
			isa = PBXGroup;
			children = (
				CF42CAAC1D2DE25300648D0A /* _707Tests.m */,
				CF42CAAE1D2DE25300648D0A /* Info.plist */,
			);
			path = 0707Tests;
			sourceTree = "<group>";
		};
		CF42CAB61D2DE25300648D0A /* 0707UITests */ = {
			isa = PBXGroup;
			children = (
				CF42CAB71D2DE25300648D0A /* _707UITests.m */,
				CF42CAB91D2DE25300648D0A /* Info.plist */,
			);
			path = 0707UITests;
			sourceTree = "<group>";
		};
		CF42CAD41D2F4A4200648D0A /* lib */ = {
			isa = PBXGroup;
			children = (
				CF42CAD51D2F4A4200648D0A /* iflyMSC.framework */,
			);
			path = lib;
			sourceTree = "<group>";
		};
		CF42CAF51D2F4EB600648D0A /* tools */ = {
			isa = PBXGroup;
			children = (
				CF42CB181D2F519B00648D0A /* AlertView.h */,
				CF42CB191D2F519B00648D0A /* AlertView.m */,
				CF42CAF81D2F4EB600648D0A /* pcmPlayerCode */,
				CF42CAFC1D2F4EB600648D0A /* PopupView.h */,
				CF42CAFD1D2F4EB600648D0A /* PopupView.m */,
				CF42CAFE1D2F4EB600648D0A /* SBJson */,
			);
			path = tools;
			sourceTree = "<group>";
		};
		CF42CAF81D2F4EB600648D0A /* pcmPlayerCode */ = {
			isa = PBXGroup;
			children = (
				CF42CAF91D2F4EB600648D0A /* PcmPlayer.h */,
				CF42CAFA1D2F4EB600648D0A /* PcmPlayer.m */,
				CF42CAFB1D2F4EB600648D0A /* PcmPlayerDelegate.h */,
			);
			path = pcmPlayerCode;
			sourceTree = "<group>";
		};
		CF42CAFE1D2F4EB600648D0A /* SBJson */ = {
			isa = PBXGroup;
			children = (
				CF42CAFF1D2F4EB600648D0A /* SBJson4.h */,
				CF42CB001D2F4EB600648D0A /* SBJson4Parser.h */,
				CF42CB011D2F4EB600648D0A /* SBJson4Parser.m */,
				CF42CB021D2F4EB600648D0A /* SBJson4StreamParser.h */,
				CF42CB031D2F4EB600648D0A /* SBJson4StreamParser.m */,
				CF42CB041D2F4EB600648D0A /* SBJson4StreamParserState.h */,
				CF42CB051D2F4EB600648D0A /* SBJson4StreamParserState.m */,
				CF42CB061D2F4EB600648D0A /* SBJson4StreamTokeniser.h */,
				CF42CB071D2F4EB600648D0A /* SBJson4StreamTokeniser.m */,
				CF42CB081D2F4EB600648D0A /* SBJson4StreamWriter.h */,
				CF42CB091D2F4EB600648D0A /* SBJson4StreamWriter.m */,
				CF42CB0A1D2F4EB600648D0A /* SBJson4StreamWriterState.h */,
				CF42CB0B1D2F4EB600648D0A /* SBJson4StreamWriterState.m */,
				CF42CB0C1D2F4EB600648D0A /* SBJson4Writer.h */,
				CF42CB0D1D2F4EB600648D0A /* SBJson4Writer.m */,
			);
			path = SBJson;
			sourceTree = "<group>";
		};
/* End PBXGroup section */

/* Begin PBXNativeTarget section */
		CF42CA8E1D2DE25300648D0A /* 0707 */ = {
			isa = PBXNativeTarget;
			buildConfigurationList = CF42CABC1D2DE25300648D0A /* Build configuration list for PBXNativeTarget "0707" */;
			buildPhases = (
				CF42CA8B1D2DE25300648D0A /* Sources */,
				CF42CA8C1D2DE25300648D0A /* Frameworks */,
				CF42CA8D1D2DE25300648D0A /* Resources */,
			);
			buildRules = (
			);
			dependencies = (
			);
			name = 0707;
			productName = 0707;
			productReference = CF42CA8F1D2DE25300648D0A /* 0707.app */;
			productType = "com.apple.product-type.application";
		};
		CF42CAA71D2DE25300648D0A /* 0707Tests */ = {
			isa = PBXNativeTarget;
			buildConfigurationList = CF42CABF1D2DE25300648D0A /* Build configuration list for PBXNativeTarget "0707Tests" */;
			buildPhases = (
				CF42CAA41D2DE25300648D0A /* Sources */,
				CF42CAA51D2DE25300648D0A /* Frameworks */,
				CF42CAA61D2DE25300648D0A /* Resources */,
			);
			buildRules = (
			);
			dependencies = (
				CF42CAAA1D2DE25300648D0A /* PBXTargetDependency */,
			);
			name = 0707Tests;
			productName = 0707Tests;
			productReference = CF42CAA81D2DE25300648D0A /* 0707Tests.xctest */;
			productType = "com.apple.product-type.bundle.unit-test";
		};
		CF42CAB21D2DE25300648D0A /* 0707UITests */ = {
			isa = PBXNativeTarget;
			buildConfigurationList = CF42CAC21D2DE25300648D0A /* Build configuration list for PBXNativeTarget "0707UITests" */;
			buildPhases = (
				CF42CAAF1D2DE25300648D0A /* Sources */,
				CF42CAB01D2DE25300648D0A /* Frameworks */,
				CF42CAB11D2DE25300648D0A /* Resources */,
			);
			buildRules = (
			);
			dependencies = (
				CF42CAB51D2DE25300648D0A /* PBXTargetDependency */,
			);
			name = 0707UITests;
			productName = 0707UITests;
			productReference = CF42CAB31D2DE25300648D0A /* 0707UITests.xctest */;
			productType = "com.apple.product-type.bundle.ui-testing";
		};
/* End PBXNativeTarget section */

/* Begin PBXProject section */
		CF42CA871D2DE25300648D0A /* Project object */ = {
			isa = PBXProject;
			attributes = {
				LastUpgradeCheck = 0720;
				ORGANIZATIONNAME = spp;
				TargetAttributes = {
					CF42CA8E1D2DE25300648D0A = {
						CreatedOnToolsVersion = 7.2;
					};
					CF42CAA71D2DE25300648D0A = {
						CreatedOnToolsVersion = 7.2;
						TestTargetID = CF42CA8E1D2DE25300648D0A;
					};
					CF42CAB21D2DE25300648D0A = {
						CreatedOnToolsVersion = 7.2;
						TestTargetID = CF42CA8E1D2DE25300648D0A;
					};
				};
			};
			buildConfigurationList = CF42CA8A1D2DE25300648D0A /* Build configuration list for PBXProject "0707" */;
			compatibilityVersion = "Xcode 3.2";
			developmentRegion = English;
			hasScannedForEncodings = 0;
			knownRegions = (
				en,
				Base,
			);
			mainGroup = CF42CA861D2DE25300648D0A;
			productRefGroup = CF42CA901D2DE25300648D0A /* Products */;
			projectDirPath = "";
			projectRoot = "";
			targets = (
				CF42CA8E1D2DE25300648D0A /* 0707 */,
				CF42CAA71D2DE25300648D0A /* 0707Tests */,
				CF42CAB21D2DE25300648D0A /* 0707UITests */,
			);
		};
/* End PBXProject section */

/* Begin PBXResourcesBuildPhase section */
		CF42CA8D1D2DE25300648D0A /* Resources */ = {
			isa = PBXResourcesBuildPhase;
			buildActionMask = 2147483647;
			files = (
				CF42CAA21D2DE25300648D0A /* LaunchScreen.storyboard in Resources */,
				CF42CA9F1D2DE25300648D0A /* Assets.xcassets in Resources */,
				CF42CA9D1D2DE25300648D0A /* Main.storyboard in Resources */,
			);
			runOnlyForDeploymentPostprocessing = 0;
		};
		CF42CAA61D2DE25300648D0A /* Resources */ = {
			isa = PBXResourcesBuildPhase;
			buildActionMask = 2147483647;
			files = (
			);
			runOnlyForDeploymentPostprocessing = 0;
		};
		CF42CAB11D2DE25300648D0A /* Resources */ = {
			isa = PBXResourcesBuildPhase;
			buildActionMask = 2147483647;
			files = (
			);
			runOnlyForDeploymentPostprocessing = 0;
		};
/* End PBXResourcesBuildPhase section */

/* Begin PBXSourcesBuildPhase section */
		CF42CA8B1D2DE25300648D0A /* Sources */ = {
			isa = PBXSourcesBuildPhase;
			buildActionMask = 2147483647;
			files = (
				CF42CB1A1D2F519B00648D0A /* AlertView.m in Sources */,
				CF42CB121D2F4EB600648D0A /* SBJson4StreamParser.m in Sources */,
				CF42CB151D2F4EB600648D0A /* SBJson4StreamWriter.m in Sources */,
				CF42CA9A1D2DE25300648D0A /* ViewController.m in Sources */,
				CF42CB141D2F4EB600648D0A /* SBJson4StreamTokeniser.m in Sources */,
				CF42CB171D2F4EB600648D0A /* SBJson4Writer.m in Sources */,
				CF42CB0F1D2F4EB600648D0A /* PcmPlayer.m in Sources */,
				CF42CA971D2DE25300648D0A /* AppDelegate.m in Sources */,
				CF42CB131D2F4EB600648D0A /* SBJson4StreamParserState.m in Sources */,
				CF42CB111D2F4EB600648D0A /* SBJson4Parser.m in Sources */,
				CF42CAD31D2F49AE00648D0A /* SecVc.m in Sources */,
				CF42CB161D2F4EB600648D0A /* SBJson4StreamWriterState.m in Sources */,
				CF42CB101D2F4EB600648D0A /* PopupView.m in Sources */,
				CF42CA941D2DE25300648D0A /* main.m in Sources */,
				CF42CAEF1D2F4C8300648D0A /* TTSConfig.m in Sources */,
			);
			runOnlyForDeploymentPostprocessing = 0;
		};
		CF42CAA41D2DE25300648D0A /* Sources */ = {
			isa = PBXSourcesBuildPhase;
			buildActionMask = 2147483647;
			files = (
				CF42CAAD1D2DE25300648D0A /* _707Tests.m in Sources */,
			);
			runOnlyForDeploymentPostprocessing = 0;
		};
		CF42CAAF1D2DE25300648D0A /* Sources */ = {
			isa = PBXSourcesBuildPhase;
			buildActionMask = 2147483647;
			files = (
				CF42CAB81D2DE25300648D0A /* _707UITests.m in Sources */,
			);
			runOnlyForDeploymentPostprocessing = 0;
		};
/* End PBXSourcesBuildPhase section */

/* Begin PBXTargetDependency section */
		CF42CAAA1D2DE25300648D0A /* PBXTargetDependency */ = {
			isa = PBXTargetDependency;
			target = CF42CA8E1D2DE25300648D0A /* 0707 */;
			targetProxy = CF42CAA91D2DE25300648D0A /* PBXContainerItemProxy */;
		};
		CF42CAB51D2DE25300648D0A /* PBXTargetDependency */ = {
			isa = PBXTargetDependency;
			target = CF42CA8E1D2DE25300648D0A /* 0707 */;
			targetProxy = CF42CAB41D2DE25300648D0A /* PBXContainerItemProxy */;
		};
/* End PBXTargetDependency section */

/* Begin PBXVariantGroup section */
		CF42CA9B1D2DE25300648D0A /* Main.storyboard */ = {
			isa = PBXVariantGroup;
			children = (
				CF42CA9C1D2DE25300648D0A /* Base */,
			);
			name = Main.storyboard;
			sourceTree = "<group>";
		};
		CF42CAA01D2DE25300648D0A /* LaunchScreen.storyboard */ = {
			isa = PBXVariantGroup;
			children = (
				CF42CAA11D2DE25300648D0A /* Base */,
			);
			name = LaunchScreen.storyboard;
			sourceTree = "<group>";
		};
/* End PBXVariantGroup section */

/* Begin XCBuildConfiguration section */
		CF42CABA1D2DE25300648D0A /* Debug */ = {
			isa = XCBuildConfiguration;
			buildSettings = {
				ALWAYS_SEARCH_USER_PATHS = NO;
				CLANG_CXX_LANGUAGE_STANDARD = "gnu++0x";
				CLANG_CXX_LIBRARY = "libc++";
				CLANG_ENABLE_MODULES = YES;
				CLANG_ENABLE_OBJC_ARC = YES;
				CLANG_WARN_BOOL_CONVERSION = YES;
				CLANG_WARN_CONSTANT_CONVERSION = YES;
				CLANG_WARN_DIRECT_OBJC_ISA_USAGE = YES_ERROR;
				CLANG_WARN_EMPTY_BODY = YES;
				CLANG_WARN_ENUM_CONVERSION = YES;
				CLANG_WARN_INT_CONVERSION = YES;
				CLANG_WARN_OBJC_ROOT_CLASS = YES_ERROR;
				CLANG_WARN_UNREACHABLE_CODE = YES;
				CLANG_WARN__DUPLICATE_METHOD_MATCH = YES;
				"CODE_SIGN_IDENTITY[sdk=iphoneos*]" = "iPhone Developer";
				COPY_PHASE_STRIP = NO;
				DEBUG_INFORMATION_FORMAT = dwarf;
				ENABLE_STRICT_OBJC_MSGSEND = YES;
				ENABLE_TESTABILITY = YES;
				GCC_C_LANGUAGE_STANDARD = gnu99;
				GCC_DYNAMIC_NO_PIC = NO;
				GCC_NO_COMMON_BLOCKS = YES;
				GCC_OPTIMIZATION_LEVEL = 0;
				GCC_PREPROCESSOR_DEFINITIONS = (
					"DEBUG=1",
					"$(inherited)",
				);
				GCC_WARN_64_TO_32_BIT_CONVERSION = YES;
				GCC_WARN_ABOUT_RETURN_TYPE = YES_ERROR;
				GCC_WARN_UNDECLARED_SELECTOR = YES;
				GCC_WARN_UNINITIALIZED_AUTOS = YES_AGGRESSIVE;
				GCC_WARN_UNUSED_FUNCTION = YES;
				GCC_WARN_UNUSED_VARIABLE = YES;
				IPHONEOS_DEPLOYMENT_TARGET = 9.2;
				MTL_ENABLE_DEBUG_INFO = YES;
				ONLY_ACTIVE_ARCH = YES;
				SDKROOT = iphoneos;
				TARGETED_DEVICE_FAMILY = "1,2";
			};
			name = Debug;
		};
		CF42CABB1D2DE25300648D0A /* Release */ = {
			isa = XCBuildConfiguration;
			buildSettings = {
				ALWAYS_SEARCH_USER_PATHS = NO;
				CLANG_CXX_LANGUAGE_STANDARD = "gnu++0x";
				CLANG_CXX_LIBRARY = "libc++";
				CLANG_ENABLE_MODULES = YES;
				CLANG_ENABLE_OBJC_ARC = YES;
				CLANG_WARN_BOOL_CONVERSION = YES;
				CLANG_WARN_CONSTANT_CONVERSION = YES;
				CLANG_WARN_DIRECT_OBJC_ISA_USAGE = YES_ERROR;
				CLANG_WARN_EMPTY_BODY = YES;
				CLANG_WARN_ENUM_CONVERSION = YES;
				CLANG_WARN_INT_CONVERSION = YES;
				CLANG_WARN_OBJC_ROOT_CLASS = YES_ERROR;
				CLANG_WARN_UNREACHABLE_CODE = YES;
				CLANG_WARN__DUPLICATE_METHOD_MATCH = YES;
				"CODE_SIGN_IDENTITY[sdk=iphoneos*]" = "iPhone Developer";
				COPY_PHASE_STRIP = NO;
				DEBUG_INFORMATION_FORMAT = "dwarf-with-dsym";
				ENABLE_NS_ASSERTIONS = NO;
				ENABLE_STRICT_OBJC_MSGSEND = YES;
				GCC_C_LANGUAGE_STANDARD = gnu99;
				GCC_NO_COMMON_BLOCKS = YES;
				GCC_WARN_64_TO_32_BIT_CONVERSION = YES;
				GCC_WARN_ABOUT_RETURN_TYPE = YES_ERROR;
				GCC_WARN_UNDECLARED_SELECTOR = YES;
				GCC_WARN_UNINITIALIZED_AUTOS = YES_AGGRESSIVE;
				GCC_WARN_UNUSED_FUNCTION = YES;
				GCC_WARN_UNUSED_VARIABLE = YES;
				IPHONEOS_DEPLOYMENT_TARGET = 9.2;
				MTL_ENABLE_DEBUG_INFO = NO;
				SDKROOT = iphoneos;
				TARGETED_DEVICE_FAMILY = "1,2";
				VALIDATE_PRODUCT = YES;
			};
			name = Release;
		};
		CF42CABD1D2DE25300648D0A /* Debug */ = {
			isa = XCBuildConfiguration;
			buildSettings = {
				ASSETCATALOG_COMPILER_APPICON_NAME = AppIcon;
				ENABLE_BITCODE = NO;
				FRAMEWORK_SEARCH_PATHS = (
					"$(inherited)",
					"$(PROJECT_DIR)/0707/lib",
				);
				INFOPLIST_FILE = 0707/Info.plist;
				IPHONEOS_DEPLOYMENT_TARGET = 8.1;
				LD_RUNPATH_SEARCH_PATHS = "$(inherited) @executable_path/Frameworks";
				PRODUCT_BUNDLE_IDENTIFIER = "com.shibo.-707";
				PRODUCT_NAME = "$(TARGET_NAME)";
			};
			name = Debug;
		};
		CF42CABE1D2DE25300648D0A /* Release */ = {
			isa = XCBuildConfiguration;
			buildSettings = {
				ASSETCATALOG_COMPILER_APPICON_NAME = AppIcon;
				ENABLE_BITCODE = NO;
				FRAMEWORK_SEARCH_PATHS = (
					"$(inherited)",
					"$(PROJECT_DIR)/0707/lib",
				);
				INFOPLIST_FILE = 0707/Info.plist;
				IPHONEOS_DEPLOYMENT_TARGET = 8.1;
				LD_RUNPATH_SEARCH_PATHS = "$(inherited) @executable_path/Frameworks";
				PRODUCT_BUNDLE_IDENTIFIER = "com.shibo.-707";
				PRODUCT_NAME = "$(TARGET_NAME)";
			};
			name = Release;
		};
		CF42CAC01D2DE25300648D0A /* Debug */ = {
			isa = XCBuildConfiguration;
			buildSettings = {
				BUNDLE_LOADER = "$(TEST_HOST)";
				INFOPLIST_FILE = 0707Tests/Info.plist;
				LD_RUNPATH_SEARCH_PATHS = "$(inherited) @executable_path/Frameworks @loader_path/Frameworks";
				PRODUCT_BUNDLE_IDENTIFIER = "com.shibo.-707Tests";
				PRODUCT_NAME = "$(TARGET_NAME)";
				TEST_HOST = "$(BUILT_PRODUCTS_DIR)/0707.app/0707";
			};
			name = Debug;
		};
		CF42CAC11D2DE25300648D0A /* Release */ = {
			isa = XCBuildConfiguration;
			buildSettings = {
				BUNDLE_LOADER = "$(TEST_HOST)";
				INFOPLIST_FILE = 0707Tests/Info.plist;
				LD_RUNPATH_SEARCH_PATHS = "$(inherited) @executable_path/Frameworks @loader_path/Frameworks";
				PRODUCT_BUNDLE_IDENTIFIER = "com.shibo.-707Tests";
				PRODUCT_NAME = "$(TARGET_NAME)";
				TEST_HOST = "$(BUILT_PRODUCTS_DIR)/0707.app/0707";
			};
			name = Release;
		};
		CF42CAC31D2DE25300648D0A /* Debug */ = {
			isa = XCBuildConfiguration;
			buildSettings = {
				INFOPLIST_FILE = 0707UITests/Info.plist;
				LD_RUNPATH_SEARCH_PATHS = "$(inherited) @executable_path/Frameworks @loader_path/Frameworks";
				PRODUCT_BUNDLE_IDENTIFIER = "com.shibo.-707UITests";
				PRODUCT_NAME = "$(TARGET_NAME)";
				TEST_TARGET_NAME = 0707;
				USES_XCTRUNNER = YES;
			};
			name = Debug;
		};
		CF42CAC41D2DE25300648D0A /* Release */ = {
			isa = XCBuildConfiguration;
			buildSettings = {
				INFOPLIST_FILE = 0707UITests/Info.plist;
				LD_RUNPATH_SEARCH_PATHS = "$(inherited) @executable_path/Frameworks @loader_path/Frameworks";
				PRODUCT_BUNDLE_IDENTIFIER = "com.shibo.-707UITests";
				PRODUCT_NAME = "$(TARGET_NAME)";
				TEST_TARGET_NAME = 0707;
				USES_XCTRUNNER = YES;
			};
			name = Release;
		};
/* End XCBuildConfiguration section */

/* Begin XCConfigurationList section */
		CF42CA8A1D2DE25300648D0A /* Build configuration list for PBXProject "0707" */ = {
			isa = XCConfigurationList;
			buildConfigurations = (
				CF42CABA1D2DE25300648D0A /* Debug */,
				CF42CABB1D2DE25300648D0A /* Release */,
			);
			defaultConfigurationIsVisible = 0;
			defaultConfigurationName = Release;
		};
		CF42CABC1D2DE25300648D0A /* Build configuration list for PBXNativeTarget "0707" */ = {
			isa = XCConfigurationList;
			buildConfigurations = (
				CF42CABD1D2DE25300648D0A /* Debug */,
				CF42CABE1D2DE25300648D0A /* Release */,
			);
			defaultConfigurationIsVisible = 0;
			defaultConfigurationName = Release;
		};
		CF42CABF1D2DE25300648D0A /* Build configuration list for PBXNativeTarget "0707Tests" */ = {
			isa = XCConfigurationList;
			buildConfigurations = (
				CF42CAC01D2DE25300648D0A /* Debug */,
				CF42CAC11D2DE25300648D0A /* Release */,
			);
			defaultConfigurationIsVisible = 0;
			defaultConfigurationName = Release;
		};
		CF42CAC21D2DE25300648D0A /* Build configuration list for PBXNativeTarget "0707UITests" */ = {
			isa = XCConfigurationList;
			buildConfigurations = (
				CF42CAC31D2DE25300648D0A /* Debug */,
				CF42CAC41D2DE25300648D0A /* Release */,
			);
			defaultConfigurationIsVisible = 0;
			defaultConfigurationName = Release;
		};
/* End XCConfigurationList section */
	};
	rootObject = CF42CA871D2DE25300648D0A /* Project object */;
}
